{
	"name": "@pigjs/utils",
	"version": "1.0.1",
	"lockfileVersion": 2,
	"requires": true,
	"packages": {
		"": {
			"name": "@pigjs/utils",
			"version": "1.0.0",
			"license": "ISC",
			"dependencies": {
				"@babel/runtime": "^7.20.13"
			},
			"peerDependencies": {
				"lodash": ">=4.0.0"
			}
		},
		"node_modules/@babel/runtime": {
			"version": "7.20.13",
			"resolved": "https://registry.npmmirror.com/@babel/runtime/-/runtime-7.20.13.tgz",
			"integrity": "sha512-gt3PKXs0DBoL9xCvOIIZ2NEqAGZqHjAnmVbfQtB620V0uReIQutpel14KcneZuer7UioY8ALKZ7iocavvzTNFA==",
			"dependencies": {
				"regenerator-runtime": "^0.13.11"
			},
			"engines": {
				"node": ">=6.9.0"
			}
		},
		"node_modules/lodash": {
			"version": "4.17.21",
			"resolved": "https://registry.npmmirror.com/lodash/-/lodash-4.17.21.tgz",
			"integrity": "sha512-v2kDEe57lecTulaDIuNTPy3Ry4gLGJ6Z1O3vE1krgXZNrsQ+LFTGHVxVjcXPs17LhbZVGedAJv8XZ1tvj5FvSg==",
			"peer": true
		},
		"node_modules/regenerator-runtime": {
			"version": "0.13.11",
			"resolved": "https://registry.npmmirror.com/regenerator-runtime/-/regenerator-runtime-0.13.11.tgz",
			"integrity": "sha512-kY1AZVr2Ra+t+piVaJ4gxaFaReZVH40AKNo7UCX6W+dEwBo/2oZJzqfuN1qLq1oL45o56cPaTXELwrTh8Fpggg=="
		}
	},
	"dependencies": {
		"@babel/runtime": {
			"version": "7.20.13",
			"resolved": "https://registry.npmmirror.com/@babel/runtime/-/runtime-7.20.13.tgz",
			"integrity": "sha512-gt3PKXs0DBoL9xCvOIIZ2NEqAGZqHjAnmVbfQtB620V0uReIQutpel14KcneZuer7UioY8ALKZ7iocavvzTNFA==",
			"requires": {
				"regenerator-runtime": "^0.13.11"
			}
		},
		"lodash": {
			"version": "4.17.21",
			"resolved": "https://registry.npmmirror.com/lodash/-/lodash-4.17.21.tgz",
			"integrity": "sha512-v2kDEe57lecTulaDIuNTPy3Ry4gLGJ6Z1O3vE1krgXZNrsQ+LFTGHVxVjcXPs17LhbZVGedAJv8XZ1tvj5FvSg==",
			"peer": true
		},
		"regenerator-runtime": {
			"version": "0.13.11",
			"resolved": "https://registry.npmmirror.com/regenerator-runtime/-/regenerator-runtime-0.13.11.tgz",
			"integrity": "sha512-kY1AZVr2Ra+t+piVaJ4gxaFaReZVH40AKNo7UCX6W+dEwBo/2oZJzqfuN1qLq1oL45o56cPaTXELwrTh8Fpggg=="
		}
	}
}
